
Microsoft Visual Studio Solution File, Format Version 12.00
# Visual Studio 15
VisualStudioVersion = 15.0.26823.1
MinimumVisualStudioVersion = 10.0.40219.1
Project("{8BC9CEB8-8B4A-11D0-8D11-00A0C91BC942}") = "AssemblerLogic", "AssemblerLogic\AssemblerLogic.vcxitems", "{DC8325FE-0DA6-4F9B-9CE8-C6E8A78DAD54}"
EndProject
Global
	GlobalSection(SolutionProperties) = preSolution
		HideSolutionNode = FALSE
	EndGlobalSection
	GlobalSection(ExtensibilityGlobals) = postSolution
		SolutionGuid = {7FA4DA03-23AB-4BD5-9E62-38FFA5B441C6}
	EndGlobalSection
EndGlobal
